// !$*UTF8*$!
{
	archiveVersion = 1;
	classes = {
	};
	objectVersion = 55;
	objects = {

/* Begin PBXBuildFile section */
		13048B8C28C26918003657FD /* UIColor+extension.swift in Sources */ = {isa = PBXBuildFile; fileRef = 13048B8B28C26918003657FD /* UIColor+extension.swift */; };
		13048B8E28C2698A003657FD /* UIImage+extension.swift in Sources */ = {isa = PBXBuildFile; fileRef = 13048B8D28C2698A003657FD /* UIImage+extension.swift */; };
		13048B9028C269C6003657FD /* UIImageView+extension.swift in Sources */ = {isa = PBXBuildFile; fileRef = 13048B8F28C269C5003657FD /* UIImageView+extension.swift */; };
		13092E4128BD1A790006B213 /* UserProfileClass.swift in Sources */ = {isa = PBXBuildFile; fileRef = 13092E4028BD1A790006B213 /* UserProfileClass.swift */; };
		13092E4328BD1EF80006B213 /* CalculatedClass.swift in Sources */ = {isa = PBXBuildFile; fileRef = 13092E4228BD1EF80006B213 /* CalculatedClass.swift */; };
		1321503028BBAA1D00D40294 /* ErrorClass.swift in Sources */ = {isa = PBXBuildFile; fileRef = 1321502F28BBAA1C00D40294 /* ErrorClass.swift */; };
		1321503228BBAF1A00D40294 /* UILabel+extension.swift in Sources */ = {isa = PBXBuildFile; fileRef = 1321503128BBAF1A00D40294 /* UILabel+extension.swift */; };
		1321503428BBAF4C00D40294 /* UITextField+extension.swift in Sources */ = {isa = PBXBuildFile; fileRef = 1321503328BBAF4C00D40294 /* UITextField+extension.swift */; };
		1321503628BBAF7400D40294 /* UIButton+extension.swift in Sources */ = {isa = PBXBuildFile; fileRef = 1321503528BBAF7400D40294 /* UIButton+extension.swift */; };
		1383DD7628D224A800DD257B /* DataUserDefaults.swift in Sources */ = {isa = PBXBuildFile; fileRef = 1383DD7528D224A800DD257B /* DataUserDefaults.swift */; };
		1385258D291BE6190042EDBF /* mainTabBarController.swift in Sources */ = {isa = PBXBuildFile; fileRef = 1385258C291BE6190042EDBF /* mainTabBarController.swift */; };
		1385258F291C25300042EDBF /* Podfile in Resources */ = {isa = PBXBuildFile; fileRef = 1385258E291C25300042EDBF /* Podfile */; };
		13936F3928B11CD3004C9943 /* AppDelegate.swift in Sources */ = {isa = PBXBuildFile; fileRef = 13936F3828B11CD3004C9943 /* AppDelegate.swift */; };
		13936F3B28B11CD3004C9943 /* SceneDelegate.swift in Sources */ = {isa = PBXBuildFile; fileRef = 13936F3A28B11CD3004C9943 /* SceneDelegate.swift */; };
		13936F4228B11CD6004C9943 /* Assets.xcassets in Resources */ = {isa = PBXBuildFile; fileRef = 13936F4128B11CD6004C9943 /* Assets.xcassets */; };
		13936F4528B11CD6004C9943 /* LaunchScreen.storyboard in Resources */ = {isa = PBXBuildFile; fileRef = 13936F4328B11CD6004C9943 /* LaunchScreen.storyboard */; };
		13936F5028B11CD7004C9943 /* FireTechTests.swift in Sources */ = {isa = PBXBuildFile; fileRef = 13936F4F28B11CD7004C9943 /* FireTechTests.swift */; };
		13936F5A28B11CD7004C9943 /* FireTechUITests.swift in Sources */ = {isa = PBXBuildFile; fileRef = 13936F5928B11CD7004C9943 /* FireTechUITests.swift */; };
		13936F5C28B11CD7004C9943 /* FireTechUITestsLaunchTests.swift in Sources */ = {isa = PBXBuildFile; fileRef = 13936F5B28B11CD7004C9943 /* FireTechUITestsLaunchTests.swift */; };
		13936F6A28B11D50004C9943 /* UIView+extension.swift in Sources */ = {isa = PBXBuildFile; fileRef = 13936F6928B11D50004C9943 /* UIView+extension.swift */; };
		13B7E2062980547800D14AF3 /* NewsViewController.swift in Sources */ = {isa = PBXBuildFile; fileRef = 13B7E2052980547800D14AF3 /* NewsViewController.swift */; };
		13CC88B629953A350056C90A /* newsModel.swift in Sources */ = {isa = PBXBuildFile; fileRef = 13CC88B529953A350056C90A /* newsModel.swift */; };
		13CC88B829953B430056C90A /* newsView.swift in Sources */ = {isa = PBXBuildFile; fileRef = 13CC88B729953B430056C90A /* newsView.swift */; };
		9D88A2908134914A83669479 /* libPods-FireTech.a in Frameworks */ = {isa = PBXBuildFile; fileRef = 2325066A6344FBCE37CBA20B /* libPods-FireTech.a */; };
		F50577172CCCCBB500EC8476 /* UINavigation+extension.swift in Sources */ = {isa = PBXBuildFile; fileRef = F50577162CCCCB8E00EC8476 /* UINavigation+extension.swift */; };
		F5372BED2CBD572E0073940D /* resultController.swift in Sources */ = {isa = PBXBuildFile; fileRef = F5372BEC2CBD571B0073940D /* resultController.swift */; };
		F5372BEF2CBD57450073940D /* resultModel.swift in Sources */ = {isa = PBXBuildFile; fileRef = F5372BEE2CBD573C0073940D /* resultModel.swift */; };
		F5372BF12CBD57540073940D /* resultView.swift in Sources */ = {isa = PBXBuildFile; fileRef = F5372BF02CBD574A0073940D /* resultView.swift */; };
		F5B2E3822CDCE12200580369 /* MOSCOW2024.otf in Resources */ = {isa = PBXBuildFile; fileRef = F5B2E3812CDCE12200580369 /* MOSCOW2024.otf */; };
		F5CE47A82B1C99C0002869F2 /* documentViewController.swift in Sources */ = {isa = PBXBuildFile; fileRef = F5CE47A72B1C99C0002869F2 /* documentViewController.swift */; };
		F5CE47AA2B1C99CC002869F2 /* documentView.swift in Sources */ = {isa = PBXBuildFile; fileRef = F5CE47A92B1C99CC002869F2 /* documentView.swift */; };
		F5CE47AC2B1C99E0002869F2 /* documentModel.swift in Sources */ = {isa = PBXBuildFile; fileRef = F5CE47AB2B1C99E0002869F2 /* documentModel.swift */; };
		F5CE47AE2B21F604002869F2 /* newsDataJSON.json in Resources */ = {isa = PBXBuildFile; fileRef = F5CE47AD2B21F604002869F2 /* newsDataJSON.json */; };
		F5DC1C812A6D9B8600D5C204 /* calculationModel.swift in Sources */ = {isa = PBXBuildFile; fileRef = F5DC1C802A6D9B8600D5C204 /* calculationModel.swift */; };
		F5DC1C832A6D9B9500D5C204 /* calculationView.swift in Sources */ = {isa = PBXBuildFile; fileRef = F5DC1C822A6D9B9500D5C204 /* calculationView.swift */; };
		F5DC1C852A6D9BA700D5C204 /* calculationViewController.swift in Sources */ = {isa = PBXBuildFile; fileRef = F5DC1C842A6D9BA700D5C204 /* calculationViewController.swift */; };
		F5E044792B02648600D8B532 /* mainTabBarView.swift in Sources */ = {isa = PBXBuildFile; fileRef = F5E044782B02648600D8B532 /* mainTabBarView.swift */; };
		F5E0447B2B0264AB00D8B532 /* mainTabBarModel.swift in Sources */ = {isa = PBXBuildFile; fileRef = F5E0447A2B0264AB00D8B532 /* mainTabBarModel.swift */; };
/* End PBXBuildFile section */

/* Begin PBXContainerItemProxy section */
		13936F4C28B11CD7004C9943 /* PBXContainerItemProxy */ = {
			isa = PBXContainerItemProxy;
			containerPortal = 13936F2D28B11CD3004C9943 /* Project object */;
			proxyType = 1;
			remoteGlobalIDString = 13936F3428B11CD3004C9943;
			remoteInfo = FireTech;
		};
		13936F5628B11CD7004C9943 /* PBXContainerItemProxy */ = {
			isa = PBXContainerItemProxy;
			containerPortal = 13936F2D28B11CD3004C9943 /* Project object */;
			proxyType = 1;
			remoteGlobalIDString = 13936F3428B11CD3004C9943;
			remoteInfo = FireTech;
		};
/* End PBXContainerItemProxy section */

/* Begin PBXFileReference section */
		13048B8B28C26918003657FD /* UIColor+extension.swift */ = {isa = PBXFileReference; lastKnownFileType = sourcecode.swift; path = "UIColor+extension.swift"; sourceTree = "<group>"; };
		13048B8D28C2698A003657FD /* UIImage+extension.swift */ = {isa = PBXFileReference; lastKnownFileType = sourcecode.swift; path = "UIImage+extension.swift"; sourceTree = "<group>"; };
		13048B8F28C269C5003657FD /* UIImageView+extension.swift */ = {isa = PBXFileReference; lastKnownFileType = sourcecode.swift; path = "UIImageView+extension.swift"; sourceTree = "<group>"; };
		13092E4028BD1A790006B213 /* UserProfileClass.swift */ = {isa = PBXFileReference; lastKnownFileType = sourcecode.swift; path = UserProfileClass.swift; sourceTree = "<group>"; };
		13092E4228BD1EF80006B213 /* CalculatedClass.swift */ = {isa = PBXFileReference; lastKnownFileType = sourcecode.swift; path = CalculatedClass.swift; sourceTree = "<group>"; };
		1321502F28BBAA1C00D40294 /* ErrorClass.swift */ = {isa = PBXFileReference; lastKnownFileType = sourcecode.swift; path = ErrorClass.swift; sourceTree = "<group>"; };
		1321503128BBAF1A00D40294 /* UILabel+extension.swift */ = {isa = PBXFileReference; lastKnownFileType = sourcecode.swift; path = "UILabel+extension.swift"; sourceTree = "<group>"; };
		1321503328BBAF4C00D40294 /* UITextField+extension.swift */ = {isa = PBXFileReference; lastKnownFileType = sourcecode.swift; path = "UITextField+extension.swift"; sourceTree = "<group>"; };
		1321503528BBAF7400D40294 /* UIButton+extension.swift */ = {isa = PBXFileReference; lastKnownFileType = sourcecode.swift; path = "UIButton+extension.swift"; sourceTree = "<group>"; };
		1383DD7528D224A800DD257B /* DataUserDefaults.swift */ = {isa = PBXFileReference; lastKnownFileType = sourcecode.swift; path = DataUserDefaults.swift; sourceTree = "<group>"; };
		1385258C291BE6190042EDBF /* mainTabBarController.swift */ = {isa = PBXFileReference; lastKnownFileType = sourcecode.swift; path = mainTabBarController.swift; sourceTree = "<group>"; };
		1385258E291C25300042EDBF /* Podfile */ = {isa = PBXFileReference; lastKnownFileType = text; path = Podfile; sourceTree = "<group>"; xcLanguageSpecificationIdentifier = xcode.lang.ruby; };
		13936F3528B11CD3004C9943 /* FireTech.app */ = {isa = PBXFileReference; explicitFileType = wrapper.application; includeInIndex = 0; path = FireTech.app; sourceTree = BUILT_PRODUCTS_DIR; };
		13936F3828B11CD3004C9943 /* AppDelegate.swift */ = {isa = PBXFileReference; lastKnownFileType = sourcecode.swift; path = AppDelegate.swift; sourceTree = "<group>"; };
		13936F3A28B11CD3004C9943 /* SceneDelegate.swift */ = {isa = PBXFileReference; lastKnownFileType = sourcecode.swift; path = SceneDelegate.swift; sourceTree = "<group>"; };
		13936F4128B11CD6004C9943 /* Assets.xcassets */ = {isa = PBXFileReference; lastKnownFileType = folder.assetcatalog; path = Assets.xcassets; sourceTree = "<group>"; };
		13936F4428B11CD6004C9943 /* Base */ = {isa = PBXFileReference; lastKnownFileType = file.storyboard; name = Base; path = Base.lproj/LaunchScreen.storyboard; sourceTree = "<group>"; };
		13936F4628B11CD6004C9943 /* Info.plist */ = {isa = PBXFileReference; lastKnownFileType = text.plist.xml; path = Info.plist; sourceTree = "<group>"; };
		13936F4B28B11CD7004C9943 /* FireTechTests.xctest */ = {isa = PBXFileReference; explicitFileType = wrapper.cfbundle; includeInIndex = 0; path = FireTechTests.xctest; sourceTree = BUILT_PRODUCTS_DIR; };
		13936F4F28B11CD7004C9943 /* FireTechTests.swift */ = {isa = PBXFileReference; lastKnownFileType = sourcecode.swift; path = FireTechTests.swift; sourceTree = "<group>"; };
		13936F5528B11CD7004C9943 /* FireTechUITests.xctest */ = {isa = PBXFileReference; explicitFileType = wrapper.cfbundle; includeInIndex = 0; path = FireTechUITests.xctest; sourceTree = BUILT_PRODUCTS_DIR; };
		13936F5928B11CD7004C9943 /* FireTechUITests.swift */ = {isa = PBXFileReference; lastKnownFileType = sourcecode.swift; path = FireTechUITests.swift; sourceTree = "<group>"; };
		13936F5B28B11CD7004C9943 /* FireTechUITestsLaunchTests.swift */ = {isa = PBXFileReference; lastKnownFileType = sourcecode.swift; path = FireTechUITestsLaunchTests.swift; sourceTree = "<group>"; };
		13936F6928B11D50004C9943 /* UIView+extension.swift */ = {isa = PBXFileReference; lastKnownFileType = sourcecode.swift; path = "UIView+extension.swift"; sourceTree = "<group>"; };
		13B7E2052980547800D14AF3 /* NewsViewController.swift */ = {isa = PBXFileReference; lastKnownFileType = sourcecode.swift; path = NewsViewController.swift; sourceTree = "<group>"; };
		13CC88B529953A350056C90A /* newsModel.swift */ = {isa = PBXFileReference; lastKnownFileType = sourcecode.swift; path = newsModel.swift; sourceTree = "<group>"; };
		13CC88B729953B430056C90A /* newsView.swift */ = {isa = PBXFileReference; lastKnownFileType = sourcecode.swift; path = newsView.swift; sourceTree = "<group>"; };
		2325066A6344FBCE37CBA20B /* libPods-FireTech.a */ = {isa = PBXFileReference; explicitFileType = archive.ar; includeInIndex = 0; path = "libPods-FireTech.a"; sourceTree = BUILT_PRODUCTS_DIR; };
		5A4D6E1DF0CC664E915721C2 /* Pods-FireTech.release.xcconfig */ = {isa = PBXFileReference; includeInIndex = 1; lastKnownFileType = text.xcconfig; name = "Pods-FireTech.release.xcconfig"; path = "Target Support Files/Pods-FireTech/Pods-FireTech.release.xcconfig"; sourceTree = "<group>"; };
		845C5B3B6498165932F43948 /* Pods-FireTech.debug.xcconfig */ = {isa = PBXFileReference; includeInIndex = 1; lastKnownFileType = text.xcconfig; name = "Pods-FireTech.debug.xcconfig"; path = "Target Support Files/Pods-FireTech/Pods-FireTech.debug.xcconfig"; sourceTree = "<group>"; };
		F50577162CCCCB8E00EC8476 /* UINavigation+extension.swift */ = {isa = PBXFileReference; lastKnownFileType = sourcecode.swift; path = "UINavigation+extension.swift"; sourceTree = "<group>"; };
		F5372BEC2CBD571B0073940D /* resultController.swift */ = {isa = PBXFileReference; lastKnownFileType = sourcecode.swift; path = resultController.swift; sourceTree = "<group>"; };
		F5372BEE2CBD573C0073940D /* resultModel.swift */ = {isa = PBXFileReference; lastKnownFileType = sourcecode.swift; path = resultModel.swift; sourceTree = "<group>"; };
		F5372BF02CBD574A0073940D /* resultView.swift */ = {isa = PBXFileReference; lastKnownFileType = sourcecode.swift; path = resultView.swift; sourceTree = "<group>"; };
		F58858D22B12625000BEEF15 /* ru */ = {isa = PBXFileReference; lastKnownFileType = text.plist.strings; name = ru; path = ru.lproj/LaunchScreen.strings; sourceTree = "<group>"; };
		F5B2E3812CDCE12200580369 /* MOSCOW2024.otf */ = {isa = PBXFileReference; lastKnownFileType = file; path = MOSCOW2024.otf; sourceTree = "<group>"; };
		F5CE47A72B1C99C0002869F2 /* documentViewController.swift */ = {isa = PBXFileReference; lastKnownFileType = sourcecode.swift; path = documentViewController.swift; sourceTree = "<group>"; };
		F5CE47A92B1C99CC002869F2 /* documentView.swift */ = {isa = PBXFileReference; lastKnownFileType = sourcecode.swift; path = documentView.swift; sourceTree = "<group>"; };
		F5CE47AB2B1C99E0002869F2 /* documentModel.swift */ = {isa = PBXFileReference; lastKnownFileType = sourcecode.swift; path = documentModel.swift; sourceTree = "<group>"; };
		F5CE47AD2B21F604002869F2 /* newsDataJSON.json */ = {isa = PBXFileReference; lastKnownFileType = text.json; path = newsDataJSON.json; sourceTree = "<group>"; };
		F5DC1C802A6D9B8600D5C204 /* calculationModel.swift */ = {isa = PBXFileReference; lastKnownFileType = sourcecode.swift; path = calculationModel.swift; sourceTree = "<group>"; };
		F5DC1C822A6D9B9500D5C204 /* calculationView.swift */ = {isa = PBXFileReference; lastKnownFileType = sourcecode.swift; path = calculationView.swift; sourceTree = "<group>"; };
		F5DC1C842A6D9BA700D5C204 /* calculationViewController.swift */ = {isa = PBXFileReference; lastKnownFileType = sourcecode.swift; path = calculationViewController.swift; sourceTree = "<group>"; };
		F5E044782B02648600D8B532 /* mainTabBarView.swift */ = {isa = PBXFileReference; lastKnownFileType = sourcecode.swift; path = mainTabBarView.swift; sourceTree = "<group>"; };
		F5E0447A2B0264AB00D8B532 /* mainTabBarModel.swift */ = {isa = PBXFileReference; lastKnownFileType = sourcecode.swift; path = mainTabBarModel.swift; sourceTree = "<group>"; };
/* End PBXFileReference section */

/* Begin PBXFrameworksBuildPhase section */
		13936F3228B11CD3004C9943 /* Frameworks */ = {
			isa = PBXFrameworksBuildPhase;
			buildActionMask = 2147483647;
			files = (
				9D88A2908134914A83669479 /* libPods-FireTech.a in Frameworks */,
			);
			runOnlyForDeploymentPostprocessing = 0;
		};
		13936F4828B11CD7004C9943 /* Frameworks */ = {
			isa = PBXFrameworksBuildPhase;
			buildActionMask = 2147483647;
			files = (
			);
			runOnlyForDeploymentPostprocessing = 0;
		};
		13936F5228B11CD7004C9943 /* Frameworks */ = {
			isa = PBXFrameworksBuildPhase;
			buildActionMask = 2147483647;
			files = (
			);
			runOnlyForDeploymentPostprocessing = 0;
		};
/* End PBXFrameworksBuildPhase section */

/* Begin PBXGroup section */
		13048B8828C263D0003657FD /* ViewControllerGroup */ = {
			isa = PBXGroup;
			children = (
				F5372BE82CBD56C40073940D /* ResultVC */,
				F5CE47A32B1C9966002869F2 /* documentVC */,
				F5DC1C7A2A6D99DD00D5C204 /* СalculationVC */,
				13CC88B1299536B90056C90A /* MainVC */,
				1385258B291BE5D10042EDBF /* mainBarVC */,
			);
			path = ViewControllerGroup;
			sourceTree = "<group>";
		};
		1321502E28BBA82D00D40294 /* ReadyMadeClasses */ = {
			isa = PBXGroup;
			children = (
				1321502F28BBAA1C00D40294 /* ErrorClass.swift */,
				13092E4028BD1A790006B213 /* UserProfileClass.swift */,
				13092E4228BD1EF80006B213 /* CalculatedClass.swift */,
				1383DD7528D224A800DD257B /* DataUserDefaults.swift */,
				F5CE47AD2B21F604002869F2 /* newsDataJSON.json */,
			);
			path = ReadyMadeClasses;
			sourceTree = "<group>";
		};
		1385258B291BE5D10042EDBF /* mainBarVC */ = {
			isa = PBXGroup;
			children = (
				F501221E2B0263A10049A51C /* Controller */,
				F501221D2B0263950049A51C /* View */,
				F501221C2B0263880049A51C /* Model */,
			);
			path = mainBarVC;
			sourceTree = "<group>";
		};
		13936F2C28B11CD3004C9943 = {
			isa = PBXGroup;
			children = (
				1385258E291C25300042EDBF /* Podfile */,
				13936F3728B11CD3004C9943 /* FireTech */,
				13936F4E28B11CD7004C9943 /* FireTechTests */,
				13936F5828B11CD7004C9943 /* FireTechUITests */,
				13936F3628B11CD3004C9943 /* Products */,
				6CFA065CF94E832AB2EF4EDA /* Pods */,
				2D7D33D4712E9592B2C77250 /* Frameworks */,
			);
			sourceTree = "<group>";
		};
		13936F3628B11CD3004C9943 /* Products */ = {
			isa = PBXGroup;
			children = (
				13936F3528B11CD3004C9943 /* FireTech.app */,
				13936F4B28B11CD7004C9943 /* FireTechTests.xctest */,
				13936F5528B11CD7004C9943 /* FireTechUITests.xctest */,
			);
			name = Products;
			sourceTree = "<group>";
		};
		13936F3728B11CD3004C9943 /* FireTech */ = {
			isa = PBXGroup;
			children = (
				1321502E28BBA82D00D40294 /* ReadyMadeClasses */,
				13936F6828B11CF7004C9943 /* UIElementClass */,
				13048B8828C263D0003657FD /* ViewControllerGroup */,
				13936F3828B11CD3004C9943 /* AppDelegate.swift */,
				13936F3A28B11CD3004C9943 /* SceneDelegate.swift */,
				13936F4128B11CD6004C9943 /* Assets.xcassets */,
				F5B2E3812CDCE12200580369 /* MOSCOW2024.otf */,
				13936F4328B11CD6004C9943 /* LaunchScreen.storyboard */,
				13936F4628B11CD6004C9943 /* Info.plist */,
			);
			path = FireTech;
			sourceTree = "<group>";
		};
		13936F4E28B11CD7004C9943 /* FireTechTests */ = {
			isa = PBXGroup;
			children = (
				13936F4F28B11CD7004C9943 /* FireTechTests.swift */,
			);
			path = FireTechTests;
			sourceTree = "<group>";
		};
		13936F5828B11CD7004C9943 /* FireTechUITests */ = {
			isa = PBXGroup;
			children = (
				13936F5928B11CD7004C9943 /* FireTechUITests.swift */,
				13936F5B28B11CD7004C9943 /* FireTechUITestsLaunchTests.swift */,
			);
			path = FireTechUITests;
			sourceTree = "<group>";
		};
		13936F6828B11CF7004C9943 /* UIElementClass */ = {
			isa = PBXGroup;
			children = (
				F50577162CCCCB8E00EC8476 /* UINavigation+extension.swift */,
				13936F6928B11D50004C9943 /* UIView+extension.swift */,
				1321503128BBAF1A00D40294 /* UILabel+extension.swift */,
				1321503328BBAF4C00D40294 /* UITextField+extension.swift */,
				1321503528BBAF7400D40294 /* UIButton+extension.swift */,
				13048B8B28C26918003657FD /* UIColor+extension.swift */,
				13048B8D28C2698A003657FD /* UIImage+extension.swift */,
				13048B8F28C269C5003657FD /* UIImageView+extension.swift */,
			);
			path = UIElementClass;
			sourceTree = "<group>";
		};
		13CC88B1299536B90056C90A /* MainVC */ = {
			isa = PBXGroup;
			children = (
				13CC88B2299536C70056C90A /* Model */,
				13CC88B3299536EE0056C90A /* View */,
				13CC88B4299536F90056C90A /* Controller */,
			);
			path = MainVC;
			sourceTree = "<group>";
		};
		13CC88B2299536C70056C90A /* Model */ = {
			isa = PBXGroup;
			children = (
				13CC88B529953A350056C90A /* newsModel.swift */,
			);
			path = Model;
			sourceTree = "<group>";
		};
		13CC88B3299536EE0056C90A /* View */ = {
			isa = PBXGroup;
			children = (
				13CC88B729953B430056C90A /* newsView.swift */,
			);
			path = View;
			sourceTree = "<group>";
		};
		13CC88B4299536F90056C90A /* Controller */ = {
			isa = PBXGroup;
			children = (
				13B7E2052980547800D14AF3 /* NewsViewController.swift */,
			);
			path = Controller;
			sourceTree = "<group>";
		};
		2D7D33D4712E9592B2C77250 /* Frameworks */ = {
			isa = PBXGroup;
			children = (
				2325066A6344FBCE37CBA20B /* libPods-FireTech.a */,
			);
			name = Frameworks;
			sourceTree = "<group>";
		};
		6CFA065CF94E832AB2EF4EDA /* Pods */ = {
			isa = PBXGroup;
			children = (
				845C5B3B6498165932F43948 /* Pods-FireTech.debug.xcconfig */,
				5A4D6E1DF0CC664E915721C2 /* Pods-FireTech.release.xcconfig */,
			);
			path = Pods;
			sourceTree = "<group>";
		};
		F501221C2B0263880049A51C /* Model */ = {
			isa = PBXGroup;
			children = (
				F5E0447A2B0264AB00D8B532 /* mainTabBarModel.swift */,
			);
			path = Model;
			sourceTree = "<group>";
		};
		F501221D2B0263950049A51C /* View */ = {
			isa = PBXGroup;
			children = (
				F5E044782B02648600D8B532 /* mainTabBarView.swift */,
			);
			path = View;
			sourceTree = "<group>";
		};
		F501221E2B0263A10049A51C /* Controller */ = {
			isa = PBXGroup;
			children = (
				1385258C291BE6190042EDBF /* mainTabBarController.swift */,
			);
			path = Controller;
			sourceTree = "<group>";
		};
		F5372BE82CBD56C40073940D /* ResultVC */ = {
			isa = PBXGroup;
			children = (
				F5372BEB2CBD56F80073940D /* Controller */,
				F5372BEA2CBD56F40073940D /* Model */,
				F5372BE92CBD56DB0073940D /* View */,
			);
			path = ResultVC;
			sourceTree = "<group>";
		};
		F5372BE92CBD56DB0073940D /* View */ = {
			isa = PBXGroup;
			children = (
				F5372BF02CBD574A0073940D /* resultView.swift */,
			);
			path = View;
			sourceTree = "<group>";
		};
		F5372BEA2CBD56F40073940D /* Model */ = {
			isa = PBXGroup;
			children = (
				F5372BEE2CBD573C0073940D /* resultModel.swift */,
			);
			path = Model;
			sourceTree = "<group>";
		};
		F5372BEB2CBD56F80073940D /* Controller */ = {
			isa = PBXGroup;
			children = (
				F5372BEC2CBD571B0073940D /* resultController.swift */,
			);
			path = Controller;
			sourceTree = "<group>";
		};
		F5CE47A32B1C9966002869F2 /* documentVC */ = {
			isa = PBXGroup;
			children = (
				F5CE47A62B1C9997002869F2 /* Model */,
				F5CE47A52B1C9988002869F2 /* View */,
				F5CE47A42B1C997A002869F2 /* Controller */,
			);
			path = documentVC;
			sourceTree = "<group>";
		};
		F5CE47A42B1C997A002869F2 /* Controller */ = {
			isa = PBXGroup;
			children = (
				F5CE47A72B1C99C0002869F2 /* documentViewController.swift */,
			);
			path = Controller;
			sourceTree = "<group>";
		};
		F5CE47A52B1C9988002869F2 /* View */ = {
			isa = PBXGroup;
			children = (
				F5CE47A92B1C99CC002869F2 /* documentView.swift */,
			);
			path = View;
			sourceTree = "<group>";
		};
		F5CE47A62B1C9997002869F2 /* Model */ = {
			isa = PBXGroup;
			children = (
				F5CE47AB2B1C99E0002869F2 /* documentModel.swift */,
			);
			path = Model;
			sourceTree = "<group>";
		};
		F5DC1C7A2A6D99DD00D5C204 /* СalculationVC */ = {
			isa = PBXGroup;
			children = (
				F5DC1C7B2A6D9A1400D5C204 /* Model */,
				F5DC1C7C2A6D9A2000D5C204 /* View */,
				F5DC1C7D2A6D9A2A00D5C204 /* Controller */,
			);
			path = "СalculationVC";
			sourceTree = "<group>";
		};
		F5DC1C7B2A6D9A1400D5C204 /* Model */ = {
			isa = PBXGroup;
			children = (
				F5DC1C802A6D9B8600D5C204 /* calculationModel.swift */,
			);
			path = Model;
			sourceTree = "<group>";
		};
		F5DC1C7C2A6D9A2000D5C204 /* View */ = {
			isa = PBXGroup;
			children = (
				F5DC1C822A6D9B9500D5C204 /* calculationView.swift */,
			);
			path = View;
			sourceTree = "<group>";
		};
		F5DC1C7D2A6D9A2A00D5C204 /* Controller */ = {
			isa = PBXGroup;
			children = (
				F5DC1C842A6D9BA700D5C204 /* calculationViewController.swift */,
			);
			path = Controller;
			sourceTree = "<group>";
		};
/* End PBXGroup section */

/* Begin PBXNativeTarget section */
		13936F3428B11CD3004C9943 /* FireTech */ = {
			isa = PBXNativeTarget;
			buildConfigurationList = 13936F5F28B11CD7004C9943 /* Build configuration list for PBXNativeTarget "FireTech" */;
			buildPhases = (
				E92238417A257E8566EA53AA /* [CP] Check Pods Manifest.lock */,
				13936F3128B11CD3004C9943 /* Sources */,
				13936F3228B11CD3004C9943 /* Frameworks */,
				13936F3328B11CD3004C9943 /* Resources */,
			);
			buildRules = (
			);
			dependencies = (
			);
			name = FireTech;
			productName = FireTech;
			productReference = 13936F3528B11CD3004C9943 /* FireTech.app */;
			productType = "com.apple.product-type.application";
		};
		13936F4A28B11CD7004C9943 /* FireTechTests */ = {
			isa = PBXNativeTarget;
			buildConfigurationList = 13936F6228B11CD7004C9943 /* Build configuration list for PBXNativeTarget "FireTechTests" */;
			buildPhases = (
				13936F4728B11CD7004C9943 /* Sources */,
				13936F4828B11CD7004C9943 /* Frameworks */,
				13936F4928B11CD7004C9943 /* Resources */,
			);
			buildRules = (
			);
			dependencies = (
				13936F4D28B11CD7004C9943 /* PBXTargetDependency */,
			);
			name = FireTechTests;
			productName = FireTechTests;
			productReference = 13936F4B28B11CD7004C9943 /* FireTechTests.xctest */;
			productType = "com.apple.product-type.bundle.unit-test";
		};
		13936F5428B11CD7004C9943 /* FireTechUITests */ = {
			isa = PBXNativeTarget;
			buildConfigurationList = 13936F6528B11CD7004C9943 /* Build configuration list for PBXNativeTarget "FireTechUITests" */;
			buildPhases = (
				13936F5128B11CD7004C9943 /* Sources */,
				13936F5228B11CD7004C9943 /* Frameworks */,
				13936F5328B11CD7004C9943 /* Resources */,
			);
			buildRules = (
			);
			dependencies = (
				13936F5728B11CD7004C9943 /* PBXTargetDependency */,
			);
			name = FireTechUITests;
			productName = FireTechUITests;
			productReference = 13936F5528B11CD7004C9943 /* FireTechUITests.xctest */;
			productType = "com.apple.product-type.bundle.ui-testing";
		};
/* End PBXNativeTarget section */

/* Begin PBXProject section */
		13936F2D28B11CD3004C9943 /* Project object */ = {
			isa = PBXProject;
			attributes = {
				BuildIndependentTargetsInParallel = 1;
				LastSwiftUpdateCheck = 1340;
				LastUpgradeCheck = 1600;
				TargetAttributes = {
					13936F3428B11CD3004C9943 = {
						CreatedOnToolsVersion = 13.4.1;
					};
					13936F4A28B11CD7004C9943 = {
						CreatedOnToolsVersion = 13.4.1;
						TestTargetID = 13936F3428B11CD3004C9943;
					};
					13936F5428B11CD7004C9943 = {
						CreatedOnToolsVersion = 13.4.1;
						TestTargetID = 13936F3428B11CD3004C9943;
					};
				};
			};
			buildConfigurationList = 13936F3028B11CD3004C9943 /* Build configuration list for PBXProject "FireTech" */;
			compatibilityVersion = "Xcode 13.0";
			developmentRegion = ru;
			hasScannedForEncodings = 0;
			knownRegions = (
				Base,
				ru,
			);
			mainGroup = 13936F2C28B11CD3004C9943;
			productRefGroup = 13936F3628B11CD3004C9943 /* Products */;
			projectDirPath = "";
			projectRoot = "";
			targets = (
				13936F3428B11CD3004C9943 /* FireTech */,
				13936F4A28B11CD7004C9943 /* FireTechTests */,
				13936F5428B11CD7004C9943 /* FireTechUITests */,
			);
		};
/* End PBXProject section */

/* Begin PBXResourcesBuildPhase section */
		13936F3328B11CD3004C9943 /* Resources */ = {
			isa = PBXResourcesBuildPhase;
			buildActionMask = 2147483647;
			files = (
				1385258F291C25300042EDBF /* Podfile in Resources */,
				F5B2E3822CDCE12200580369 /* MOSCOW2024.otf in Resources */,
				13936F4528B11CD6004C9943 /* LaunchScreen.storyboard in Resources */,
				F5CE47AE2B21F604002869F2 /* newsDataJSON.json in Resources */,
				13936F4228B11CD6004C9943 /* Assets.xcassets in Resources */,
			);
			runOnlyForDeploymentPostprocessing = 0;
		};
		13936F4928B11CD7004C9943 /* Resources */ = {
			isa = PBXResourcesBuildPhase;
			buildActionMask = 2147483647;
			files = (
			);
			runOnlyForDeploymentPostprocessing = 0;
		};
		13936F5328B11CD7004C9943 /* Resources */ = {
			isa = PBXResourcesBuildPhase;
			buildActionMask = 2147483647;
			files = (
			);
			runOnlyForDeploymentPostprocessing = 0;
		};
/* End PBXResourcesBuildPhase section */

/* Begin PBXShellScriptBuildPhase section */
		E92238417A257E8566EA53AA /* [CP] Check Pods Manifest.lock */ = {
			isa = PBXShellScriptBuildPhase;
			buildActionMask = 2147483647;
			files = (
			);
			inputFileListPaths = (
			);
			inputPaths = (
				"${PODS_PODFILE_DIR_PATH}/Podfile.lock",
				"${PODS_ROOT}/Manifest.lock",
			);
			name = "[CP] Check Pods Manifest.lock";
			outputFileListPaths = (
			);
			outputPaths = (
				"$(DERIVED_FILE_DIR)/Pods-FireTech-checkManifestLockResult.txt",
			);
			runOnlyForDeploymentPostprocessing = 0;
			shellPath = /bin/sh;
			shellScript = "diff \"${PODS_PODFILE_DIR_PATH}/Podfile.lock\" \"${PODS_ROOT}/Manifest.lock\" > /dev/null\nif [ $? != 0 ] ; then\n    # print error to STDERR\n    echo \"error: The sandbox is not in sync with the Podfile.lock. Run 'pod install' or update your CocoaPods installation.\" >&2\n    exit 1\nfi\n# This output is used by Xcode 'outputs' to avoid re-running this script phase.\necho \"SUCCESS\" > \"${SCRIPT_OUTPUT_FILE_0}\"\n";
			showEnvVarsInLog = 0;
		};
/* End PBXShellScriptBuildPhase section */

/* Begin PBXSourcesBuildPhase section */
		13936F3128B11CD3004C9943 /* Sources */ = {
			isa = PBXSourcesBuildPhase;
			buildActionMask = 2147483647;
			files = (
				F5DC1C812A6D9B8600D5C204 /* calculationModel.swift in Sources */,
				1321503028BBAA1D00D40294 /* ErrorClass.swift in Sources */,
				1321503228BBAF1A00D40294 /* UILabel+extension.swift in Sources */,
				F5DC1C852A6D9BA700D5C204 /* calculationViewController.swift in Sources */,
				13048B8E28C2698A003657FD /* UIImage+extension.swift in Sources */,
				1383DD7628D224A800DD257B /* DataUserDefaults.swift in Sources */,
				F5E0447B2B0264AB00D8B532 /* mainTabBarModel.swift in Sources */,
				F5CE47AC2B1C99E0002869F2 /* documentModel.swift in Sources */,
				F5CE47AA2B1C99CC002869F2 /* documentView.swift in Sources */,
				F5372BF12CBD57540073940D /* resultView.swift in Sources */,
				F5372BEF2CBD57450073940D /* resultModel.swift in Sources */,
				13936F3928B11CD3004C9943 /* AppDelegate.swift in Sources */,
				13936F6A28B11D50004C9943 /* UIView+extension.swift in Sources */,
				13B7E2062980547800D14AF3 /* NewsViewController.swift in Sources */,
				13048B9028C269C6003657FD /* UIImageView+extension.swift in Sources */,
				F5DC1C832A6D9B9500D5C204 /* calculationView.swift in Sources */,
				1321503628BBAF7400D40294 /* UIButton+extension.swift in Sources */,
				F5CE47A82B1C99C0002869F2 /* documentViewController.swift in Sources */,
				F5372BED2CBD572E0073940D /* resultController.swift in Sources */,
				13092E4328BD1EF80006B213 /* CalculatedClass.swift in Sources */,
				F5E044792B02648600D8B532 /* mainTabBarView.swift in Sources */,
				13CC88B829953B430056C90A /* newsView.swift in Sources */,
				1321503428BBAF4C00D40294 /* UITextField+extension.swift in Sources */,
				13CC88B629953A350056C90A /* newsModel.swift in Sources */,
				13048B8C28C26918003657FD /* UIColor+extension.swift in Sources */,
				13936F3B28B11CD3004C9943 /* SceneDelegate.swift in Sources */,
				1385258D291BE6190042EDBF /* mainTabBarController.swift in Sources */,
				13092E4128BD1A790006B213 /* UserProfileClass.swift in Sources */,
				F50577172CCCCBB500EC8476 /* UINavigation+extension.swift in Sources */,
			);
			runOnlyForDeploymentPostprocessing = 0;
		};
		13936F4728B11CD7004C9943 /* Sources */ = {
			isa = PBXSourcesBuildPhase;
			buildActionMask = 2147483647;
			files = (
				13936F5028B11CD7004C9943 /* FireTechTests.swift in Sources */,
			);
			runOnlyForDeploymentPostprocessing = 0;
		};
		13936F5128B11CD7004C9943 /* Sources */ = {
			isa = PBXSourcesBuildPhase;
			buildActionMask = 2147483647;
			files = (
				13936F5C28B11CD7004C9943 /* FireTechUITestsLaunchTests.swift in Sources */,
				13936F5A28B11CD7004C9943 /* FireTechUITests.swift in Sources */,
			);
			runOnlyForDeploymentPostprocessing = 0;
		};
/* End PBXSourcesBuildPhase section */

/* Begin PBXTargetDependency section */
		13936F4D28B11CD7004C9943 /* PBXTargetDependency */ = {
			isa = PBXTargetDependency;
			target = 13936F3428B11CD3004C9943 /* FireTech */;
			targetProxy = 13936F4C28B11CD7004C9943 /* PBXContainerItemProxy */;
		};
		13936F5728B11CD7004C9943 /* PBXTargetDependency */ = {
			isa = PBXTargetDependency;
			target = 13936F3428B11CD3004C9943 /* FireTech */;
			targetProxy = 13936F5628B11CD7004C9943 /* PBXContainerItemProxy */;
		};
/* End PBXTargetDependency section */

/* Begin PBXVariantGroup section */
		13936F4328B11CD6004C9943 /* LaunchScreen.storyboard */ = {
			isa = PBXVariantGroup;
			children = (
				13936F4428B11CD6004C9943 /* Base */,
				F58858D22B12625000BEEF15 /* ru */,
			);
			name = LaunchScreen.storyboard;
			sourceTree = "<group>";
		};
/* End PBXVariantGroup section */

/* Begin XCBuildConfiguration section */
		13936F5D28B11CD7004C9943 /* Debug */ = {
			isa = XCBuildConfiguration;
			buildSettings = {
				ALWAYS_SEARCH_USER_PATHS = NO;
				CLANG_ANALYZER_LOCALIZABILITY_NONLOCALIZED = YES;
				CLANG_ANALYZER_NONNULL = YES;
				CLANG_ANALYZER_NUMBER_OBJECT_CONVERSION = YES_AGGRESSIVE;
				CLANG_CXX_LANGUAGE_STANDARD = "gnu++17";
				CLANG_ENABLE_MODULES = YES;
				CLANG_ENABLE_OBJC_ARC = YES;
				CLANG_ENABLE_OBJC_WEAK = YES;
				CLANG_WARN_BLOCK_CAPTURE_AUTORELEASING = YES;
				CLANG_WARN_BOOL_CONVERSION = YES;
				CLANG_WARN_COMMA = YES;
				CLANG_WARN_CONSTANT_CONVERSION = YES;
				CLANG_WARN_DEPRECATED_OBJC_IMPLEMENTATIONS = YES;
				CLANG_WARN_DIRECT_OBJC_ISA_USAGE = YES_ERROR;
				CLANG_WARN_DOCUMENTATION_COMMENTS = YES;
				CLANG_WARN_EMPTY_BODY = YES;
				CLANG_WARN_ENUM_CONVERSION = YES;
				CLANG_WARN_INFINITE_RECURSION = YES;
				CLANG_WARN_INT_CONVERSION = YES;
				CLANG_WARN_NON_LITERAL_NULL_CONVERSION = YES;
				CLANG_WARN_OBJC_IMPLICIT_RETAIN_SELF = YES;
				CLANG_WARN_OBJC_LITERAL_CONVERSION = YES;
				CLANG_WARN_OBJC_ROOT_CLASS = YES_ERROR;
				CLANG_WARN_QUOTED_INCLUDE_IN_FRAMEWORK_HEADER = YES;
				CLANG_WARN_RANGE_LOOP_ANALYSIS = YES;
				CLANG_WARN_STRICT_PROTOTYPES = YES;
				CLANG_WARN_SUSPICIOUS_MOVE = YES;
				CLANG_WARN_UNGUARDED_AVAILABILITY = YES_AGGRESSIVE;
				CLANG_WARN_UNREACHABLE_CODE = YES;
				CLANG_WARN__DUPLICATE_METHOD_MATCH = YES;
				COPY_PHASE_STRIP = NO;
				DEBUG_INFORMATION_FORMAT = dwarf;
				ENABLE_STRICT_OBJC_MSGSEND = YES;
				ENABLE_TESTABILITY = YES;
				ENABLE_USER_SCRIPT_SANDBOXING = YES;
				GCC_C_LANGUAGE_STANDARD = gnu11;
				GCC_DYNAMIC_NO_PIC = NO;
				GCC_NO_COMMON_BLOCKS = YES;
				GCC_OPTIMIZATION_LEVEL = 0;
				GCC_PREPROCESSOR_DEFINITIONS = (
					"DEBUG=1",
					"$(inherited)",
				);
				GCC_WARN_64_TO_32_BIT_CONVERSION = YES;
				GCC_WARN_ABOUT_RETURN_TYPE = YES_ERROR;
				GCC_WARN_UNDECLARED_SELECTOR = YES;
				GCC_WARN_UNINITIALIZED_AUTOS = YES_AGGRESSIVE;
				GCC_WARN_UNUSED_FUNCTION = YES;
				GCC_WARN_UNUSED_VARIABLE = YES;
				IPHONEOS_DEPLOYMENT_TARGET = 15.5;
				MTL_ENABLE_DEBUG_INFO = INCLUDE_SOURCE;
				MTL_FAST_MATH = YES;
				ONLY_ACTIVE_ARCH = YES;
				SDKROOT = iphoneos;
				SWIFT_ACTIVE_COMPILATION_CONDITIONS = DEBUG;
				SWIFT_OPTIMIZATION_LEVEL = "-Onone";
			};
			name = Debug;
		};
		13936F5E28B11CD7004C9943 /* Release */ = {
			isa = XCBuildConfiguration;
			buildSettings = {
				ALWAYS_SEARCH_USER_PATHS = NO;
				CLANG_ANALYZER_LOCALIZABILITY_NONLOCALIZED = YES;
				CLANG_ANALYZER_NONNULL = YES;
				CLANG_ANALYZER_NUMBER_OBJECT_CONVERSION = YES_AGGRESSIVE;
				CLANG_CXX_LANGUAGE_STANDARD = "gnu++17";
				CLANG_ENABLE_MODULES = YES;
				CLANG_ENABLE_OBJC_ARC = YES;
				CLANG_ENABLE_OBJC_WEAK = YES;
				CLANG_WARN_BLOCK_CAPTURE_AUTORELEASING = YES;
				CLANG_WARN_BOOL_CONVERSION = YES;
				CLANG_WARN_COMMA = YES;
				CLANG_WARN_CONSTANT_CONVERSION = YES;
				CLANG_WARN_DEPRECATED_OBJC_IMPLEMENTATIONS = YES;
				CLANG_WARN_DIRECT_OBJC_ISA_USAGE = YES_ERROR;
				CLANG_WARN_DOCUMENTATION_COMMENTS = YES;
				CLANG_WARN_EMPTY_BODY = YES;
				CLANG_WARN_ENUM_CONVERSION = YES;
				CLANG_WARN_INFINITE_RECURSION = YES;
				CLANG_WARN_INT_CONVERSION = YES;
				CLANG_WARN_NON_LITERAL_NULL_CONVERSION = YES;
				CLANG_WARN_OBJC_IMPLICIT_RETAIN_SELF = YES;
				CLANG_WARN_OBJC_LITERAL_CONVERSION = YES;
				CLANG_WARN_OBJC_ROOT_CLASS = YES_ERROR;
				CLANG_WARN_QUOTED_INCLUDE_IN_FRAMEWORK_HEADER = YES;
				CLANG_WARN_RANGE_LOOP_ANALYSIS = YES;
				CLANG_WARN_STRICT_PROTOTYPES = YES;
				CLANG_WARN_SUSPICIOUS_MOVE = YES;
				CLANG_WARN_UNGUARDED_AVAILABILITY = YES_AGGRESSIVE;
				CLANG_WARN_UNREACHABLE_CODE = YES;
				CLANG_WARN__DUPLICATE_METHOD_MATCH = YES;
				COPY_PHASE_STRIP = NO;
				DEBUG_INFORMATION_FORMAT = "dwarf-with-dsym";
				ENABLE_NS_ASSERTIONS = NO;
				ENABLE_STRICT_OBJC_MSGSEND = YES;
				ENABLE_USER_SCRIPT_SANDBOXING = YES;
				GCC_C_LANGUAGE_STANDARD = gnu11;
				GCC_NO_COMMON_BLOCKS = YES;
				GCC_WARN_64_TO_32_BIT_CONVERSION = YES;
				GCC_WARN_ABOUT_RETURN_TYPE = YES_ERROR;
				GCC_WARN_UNDECLARED_SELECTOR = YES;
				GCC_WARN_UNINITIALIZED_AUTOS = YES_AGGRESSIVE;
				GCC_WARN_UNUSED_FUNCTION = YES;
				GCC_WARN_UNUSED_VARIABLE = YES;
				IPHONEOS_DEPLOYMENT_TARGET = 15.5;
				MTL_ENABLE_DEBUG_INFO = NO;
				MTL_FAST_MATH = YES;
				SDKROOT = iphoneos;
				SWIFT_COMPILATION_MODE = wholemodule;
				SWIFT_OPTIMIZATION_LEVEL = "-O";
				VALIDATE_PRODUCT = YES;
			};
			name = Release;
		};
		13936F6028B11CD7004C9943 /* Debug */ = {
			isa = XCBuildConfiguration;
			baseConfigurationReference = 845C5B3B6498165932F43948 /* Pods-FireTech.debug.xcconfig */;
			buildSettings = {
				ASSETCATALOG_COMPILER_APPICON_NAME = AppIcon;
				ASSETCATALOG_COMPILER_GLOBAL_ACCENT_COLOR_NAME = AccentColor;
				CODE_SIGN_IDENTITY = "Apple Development";
				CODE_SIGN_STYLE = Automatic;
				CURRENT_PROJECT_VERSION = 1;
				DEVELOPMENT_TEAM = GVA5J44S8J;
				GENERATE_INFOPLIST_FILE = YES;
				INFOPLIST_FILE = FireTech/Info.plist;
				INFOPLIST_KEY_UIApplicationSupportsIndirectInputEvents = YES;
				INFOPLIST_KEY_UILaunchStoryboardName = LaunchScreen;
				INFOPLIST_KEY_UISupportedInterfaceOrientations_iPad = "UIInterfaceOrientationPortrait UIInterfaceOrientationPortraitUpsideDown UIInterfaceOrientationLandscapeLeft UIInterfaceOrientationLandscapeRight";
				INFOPLIST_KEY_UISupportedInterfaceOrientations_iPhone = "UIInterfaceOrientationPortrait UIInterfaceOrientationLandscapeLeft UIInterfaceOrientationLandscapeRight";
				LD_RUNPATH_SEARCH_PATHS = (
					"$(inherited)",
					"@executable_path/Frameworks",
				);
				MARKETING_VERSION = 1.0;
				PRODUCT_BUNDLE_IDENTIFIER = PavelUlanov.FireTech;
				PRODUCT_NAME = "$(TARGET_NAME)";
				PROVISIONING_PROFILE_SPECIFIER = "";
				SWIFT_EMIT_LOC_STRINGS = YES;
				SWIFT_VERSION = 5.0;
				TARGETED_DEVICE_FAMILY = "1,2";
			};
			name = Debug;
		};
		13936F6128B11CD7004C9943 /* Release */ = {
			isa = XCBuildConfiguration;
			baseConfigurationReference = 5A4D6E1DF0CC664E915721C2 /* Pods-FireTech.release.xcconfig */;
			buildSettings = {
				ASSETCATALOG_COMPILER_APPICON_NAME = AppIcon;
				ASSETCATALOG_COMPILER_GLOBAL_ACCENT_COLOR_NAME = AccentColor;
				CODE_SIGN_IDENTITY = "Apple Development";
				CODE_SIGN_STYLE = Automatic;
				CURRENT_PROJECT_VERSION = 1;
				DEVELOPMENT_TEAM = GVA5J44S8J;
				GENERATE_INFOPLIST_FILE = YES;
				INFOPLIST_FILE = FireTech/Info.plist;
				INFOPLIST_KEY_UIApplicationSupportsIndirectInputEvents = YES;
				INFOPLIST_KEY_UILaunchStoryboardName = LaunchScreen;
				INFOPLIST_KEY_UISupportedInterfaceOrientations_iPad = "UIInterfaceOrientationPortrait UIInterfaceOrientationPortraitUpsideDown UIInterfaceOrientationLandscapeLeft UIInterfaceOrientationLandscapeRight";
				INFOPLIST_KEY_UISupportedInterfaceOrientations_iPhone = "UIInterfaceOrientationPortrait UIInterfaceOrientationLandscapeLeft UIInterfaceOrientationLandscapeRight";
				LD_RUNPATH_SEARCH_PATHS = (
					"$(inherited)",
					"@executable_path/Frameworks",
				);
				MARKETING_VERSION = 1.0;
				PRODUCT_BUNDLE_IDENTIFIER = PavelUlanov.FireTech;
				PRODUCT_NAME = "$(TARGET_NAME)";
				PROVISIONING_PROFILE_SPECIFIER = "";
				SWIFT_EMIT_LOC_STRINGS = YES;
				SWIFT_VERSION = 5.0;
				TARGETED_DEVICE_FAMILY = "1,2";
			};
			name = Release;
		};
		13936F6328B11CD7004C9943 /* Debug */ = {
			isa = XCBuildConfiguration;
			buildSettings = {
				BUNDLE_LOADER = "$(TEST_HOST)";
				CODE_SIGN_STYLE = Automatic;
				CURRENT_PROJECT_VERSION = 1;
				DEVELOPMENT_TEAM = GVA5J44S8J;
				GENERATE_INFOPLIST_FILE = YES;
				IPHONEOS_DEPLOYMENT_TARGET = 15.5;
				MARKETING_VERSION = 1.0;
				PRODUCT_BUNDLE_IDENTIFIER = Mr.Shoki.FireTechTests;
				PRODUCT_NAME = "$(TARGET_NAME)";
				SWIFT_EMIT_LOC_STRINGS = NO;
				SWIFT_VERSION = 5.0;
				TARGETED_DEVICE_FAMILY = "1,2";
				TEST_HOST = "$(BUILT_PRODUCTS_DIR)/FireTech.app/FireTech";
			};
			name = Debug;
		};
		13936F6428B11CD7004C9943 /* Release */ = {
			isa = XCBuildConfiguration;
			buildSettings = {
				BUNDLE_LOADER = "$(TEST_HOST)";
				CODE_SIGN_STYLE = Automatic;
				CURRENT_PROJECT_VERSION = 1;
				DEVELOPMENT_TEAM = GVA5J44S8J;
				GENERATE_INFOPLIST_FILE = YES;
				IPHONEOS_DEPLOYMENT_TARGET = 15.5;
				MARKETING_VERSION = 1.0;
				PRODUCT_BUNDLE_IDENTIFIER = Mr.Shoki.FireTechTests;
				PRODUCT_NAME = "$(TARGET_NAME)";
				SWIFT_EMIT_LOC_STRINGS = NO;
				SWIFT_VERSION = 5.0;
				TARGETED_DEVICE_FAMILY = "1,2";
				TEST_HOST = "$(BUILT_PRODUCTS_DIR)/FireTech.app/FireTech";
			};
			name = Release;
		};
		13936F6628B11CD7004C9943 /* Debug */ = {
			isa = XCBuildConfiguration;
			buildSettings = {
				CODE_SIGN_STYLE = Automatic;
				CURRENT_PROJECT_VERSION = 1;
				DEVELOPMENT_TEAM = GVA5J44S8J;
				GENERATE_INFOPLIST_FILE = YES;
				MARKETING_VERSION = 1.0;
				PRODUCT_BUNDLE_IDENTIFIER = Mr.Shoki.FireTechUITests;
				PRODUCT_NAME = "$(TARGET_NAME)";
				SWIFT_EMIT_LOC_STRINGS = NO;
				SWIFT_VERSION = 5.0;
				TARGETED_DEVICE_FAMILY = "1,2";
				TEST_TARGET_NAME = FireTech;
			};
			name = Debug;
		};
		13936F6728B11CD7004C9943 /* Release */ = {
			isa = XCBuildConfiguration;
			buildSettings = {
				CODE_SIGN_STYLE = Automatic;
				CURRENT_PROJECT_VERSION = 1;
				DEVELOPMENT_TEAM = GVA5J44S8J;
				GENERATE_INFOPLIST_FILE = YES;
				MARKETING_VERSION = 1.0;
				PRODUCT_BUNDLE_IDENTIFIER = Mr.Shoki.FireTechUITests;
				PRODUCT_NAME = "$(TARGET_NAME)";
				SWIFT_EMIT_LOC_STRINGS = NO;
				SWIFT_VERSION = 5.0;
				TARGETED_DEVICE_FAMILY = "1,2";
				TEST_TARGET_NAME = FireTech;
			};
			name = Release;
		};
/* End XCBuildConfiguration section */

/* Begin XCConfigurationList section */
		13936F3028B11CD3004C9943 /* Build configuration list for PBXProject "FireTech" */ = {
			isa = XCConfigurationList;
			buildConfigurations = (
				13936F5D28B11CD7004C9943 /* Debug */,
				13936F5E28B11CD7004C9943 /* Release */,
			);
			defaultConfigurationIsVisible = 0;
			defaultConfigurationName = Release;
		};
		13936F5F28B11CD7004C9943 /* Build configuration list for PBXNativeTarget "FireTech" */ = {
			isa = XCConfigurationList;
			buildConfigurations = (
				13936F6028B11CD7004C9943 /* Debug */,
				13936F6128B11CD7004C9943 /* Release */,
			);
			defaultConfigurationIsVisible = 0;
			defaultConfigurationName = Release;
		};
		13936F6228B11CD7004C9943 /* Build configuration list for PBXNativeTarget "FireTechTests" */ = {
			isa = XCConfigurationList;
			buildConfigurations = (
				13936F6328B11CD7004C9943 /* Debug */,
				13936F6428B11CD7004C9943 /* Release */,
			);
			defaultConfigurationIsVisible = 0;
			defaultConfigurationName = Release;
		};
		13936F6528B11CD7004C9943 /* Build configuration list for PBXNativeTarget "FireTechUITests" */ = {
			isa = XCConfigurationList;
			buildConfigurations = (
				13936F6628B11CD7004C9943 /* Debug */,
				13936F6728B11CD7004C9943 /* Release */,
			);
			defaultConfigurationIsVisible = 0;
			defaultConfigurationName = Release;
		};
/* End XCConfigurationList section */
	};
	rootObject = 13936F2D28B11CD3004C9943 /* Project object */;
}
